
Microsoft Visual Studio Solution File, Format Version 10.00
# Visual Studio 2008
Project("{FAE04EC0-301F-11D3-BF4B-00C04F79EFBC}") = "Marcidia.Server", "Marcidia.Server\Marcidia.Server.csproj", "{545F5A96-AF50-4E44-812B-3E7F65545FB0}"
EndProject
Project("{FAE04EC0-301F-11D3-BF4B-00C04F79EFBC}") = "Marcidia.Core", "Marcidia.Core\Marcidia.Core.csproj", "{11C1E730-978C-43C7-AA13-98737CD468CD}"
EndProject
Global
	GlobalSection(SolutionConfigurationPlatforms) = preSolution
		Debug|Any CPU = Debug|Any CPU
		Release|Any CPU = Release|Any CPU
	EndGlobalSection
	GlobalSection(ProjectConfigurationPlatforms) = postSolution
		{545F5A96-AF50-4E44-812B-3E7F65545FB0}.Debug|Any CPU.ActiveCfg = Debug|Any CPU
		{545F5A96-AF50-4E44-812B-3E7F65545FB0}.Debug|Any CPU.Build.0 = Debug|Any CPU
		{545F5A96-AF50-4E44-812B-3E7F65545FB0}.Release|Any CPU.ActiveCfg = Release|Any CPU
		{545F5A96-AF50-4E44-812B-3E7F65545FB0}.Release|Any CPU.Build.0 = Release|Any CPU
		{11C1E730-978C-43C7-AA13-98737CD468CD}.Debug|Any CPU.ActiveCfg = Debug|Any CPU
		{11C1E730-978C-43C7-AA13-98737CD468CD}.Debug|Any CPU.Build.0 = Debug|Any CPU
		{11C1E730-978C-43C7-AA13-98737CD468CD}.Release|Any CPU.ActiveCfg = Release|Any CPU
		{11C1E730-978C-43C7-AA13-98737CD468CD}.Release|Any CPU.Build.0 = Release|Any CPU
	EndGlobalSection
	GlobalSection(SolutionProperties) = preSolution
		HideSolutionNode = FALSE
	EndGlobalSection
EndGlobal
